
Microsoft Visual Studio Solution File, Format Version 12.00
# Visual Studio Version 17
VisualStudioVersion = 17.7.34018.315
MinimumVisualStudioVersion = 10.0.40219.1
Project("{FAE04EC0-301F-11D3-BF4B-00C04F79EFBC}") = "sistema-reservas-agendamentos", "sistema-reservas-agendamentos\sistema-reservas-agendamentos.csproj", "{FC84CBB4-4067-45E9-BF18-DB22EC811AAB}"
EndProject
Global
	GlobalSection(SolutionConfigurationPlatforms) = preSolution
		Debug|Any CPU = Debug|Any CPU
		Release|Any CPU = Release|Any CPU
	EndGlobalSection
	GlobalSection(ProjectConfigurationPlatforms) = postSolution
		{FC84CBB4-4067-45E9-BF18-DB22EC811AAB}.Debug|Any CPU.ActiveCfg = Debug|Any CPU
		{FC84CBB4-4067-45E9-BF18-DB22EC811AAB}.Debug|Any CPU.Build.0 = Debug|Any CPU
		{FC84CBB4-4067-45E9-BF18-DB22EC811AAB}.Release|Any CPU.ActiveCfg = Release|Any CPU
		{FC84CBB4-4067-45E9-BF18-DB22EC811AAB}.Release|Any CPU.Build.0 = Release|Any CPU
	EndGlobalSection
	GlobalSection(SolutionProperties) = preSolution
		HideSolutionNode = FALSE
	EndGlobalSection
	GlobalSection(ExtensibilityGlobals) = postSolution
		SolutionGuid = {67EC6604-E777-4224-B311-7180B3E01EA0}
	EndGlobalSection
EndGlobal
